
Microsoft Visual Studio Solution File, Format Version 12.00
# Visual Studio Version 17
VisualStudioVersion = 17.7.34202.233
MinimumVisualStudioVersion = 10.0.40219.1
Project("{FAE04EC0-301F-11D3-BF4B-00C04F79EFBC}") = "Ferent_Ioan_Lab2", "Ferent_Ioan_Lab2.csproj", "{E2DF2C00-F8E3-478E-91B1-69F2F7B59EEF}"
EndProject
Global
	GlobalSection(SolutionConfigurationPlatforms) = preSolution
		Debug|Any CPU = Debug|Any CPU
		Release|Any CPU = Release|Any CPU
	EndGlobalSection
	GlobalSection(ProjectConfigurationPlatforms) = postSolution
		{E2DF2C00-F8E3-478E-91B1-69F2F7B59EEF}.Debug|Any CPU.ActiveCfg = Debug|Any CPU
		{E2DF2C00-F8E3-478E-91B1-69F2F7B59EEF}.Debug|Any CPU.Build.0 = Debug|Any CPU
		{E2DF2C00-F8E3-478E-91B1-69F2F7B59EEF}.Release|Any CPU.ActiveCfg = Release|Any CPU
		{E2DF2C00-F8E3-478E-91B1-69F2F7B59EEF}.Release|Any CPU.Build.0 = Release|Any CPU
	EndGlobalSection
	GlobalSection(SolutionProperties) = preSolution
		HideSolutionNode = FALSE
	EndGlobalSection
	GlobalSection(ExtensibilityGlobals) = postSolution
		SolutionGuid = {6F2D781F-5FB4-4859-BA7B-4BF59D239F1F}
	EndGlobalSection
EndGlobal
